// !$*UTF8*$!
{
	archiveVersion = 1;
	classes = {
	};
	objectVersion = 55;
	objects = {

/* Begin PBXBuildFile section */
		C43DCCCE270068F6008E6D2A /* AppDelegate.swift in Sources */ = {isa = PBXBuildFile; fileRef = C43DCCCD270068F6008E6D2A /* AppDelegate.swift */; };
		C43DCCD0270068F6008E6D2A /* SceneDelegate.swift in Sources */ = {isa = PBXBuildFile; fileRef = C43DCCCF270068F6008E6D2A /* SceneDelegate.swift */; };
		C43DCCD2270068F6008E6D2A /* ViewController.swift in Sources */ = {isa = PBXBuildFile; fileRef = C43DCCD1270068F6008E6D2A /* ViewController.swift */; };
		C43DCCD7270068F8008E6D2A /* Assets.xcassets in Resources */ = {isa = PBXBuildFile; fileRef = C43DCCD6270068F8008E6D2A /* Assets.xcassets */; };
		C43DCCDA270068F8008E6D2A /* LaunchScreen.storyboard in Resources */ = {isa = PBXBuildFile; fileRef = C43DCCD8270068F8008E6D2A /* LaunchScreen.storyboard */; };
		C43DCCEB27006BBD008E6D2A /* Main.storyboard in Resources */ = {isa = PBXBuildFile; fileRef = C43DCCE827006BBD008E6D2A /* Main.storyboard */; };
		C43DCCEC27006BBD008E6D2A /* OnePresenter.swift in Sources */ = {isa = PBXBuildFile; fileRef = C43DCCE927006BBD008E6D2A /* OnePresenter.swift */; };
		C43DCCED27006BBD008E6D2A /* OneViewController.swift in Sources */ = {isa = PBXBuildFile; fileRef = C43DCCEA27006BBD008E6D2A /* OneViewController.swift */; };
		C43DCCF227006D03008E6D2A /* Two.storyboard in Resources */ = {isa = PBXBuildFile; fileRef = C43DCCEF27006D03008E6D2A /* Two.storyboard */; };
		C43DCCF327006D03008E6D2A /* TwoPresenter.swift in Sources */ = {isa = PBXBuildFile; fileRef = C43DCCF027006D03008E6D2A /* TwoPresenter.swift */; };
		C43DCCF427006D03008E6D2A /* TwoViewController.swift in Sources */ = {isa = PBXBuildFile; fileRef = C43DCCF127006D03008E6D2A /* TwoViewController.swift */; };
		C43DCCF627006D2A008E6D2A /* Constants.swift in Sources */ = {isa = PBXBuildFile; fileRef = C43DCCF527006D2A008E6D2A /* Constants.swift */; };
		C4FA803727020B7C007D3115 /* MyCell.xib in Resources */ = {isa = PBXBuildFile; fileRef = C4FA803627020B7C007D3115 /* MyCell.xib */; };
		C4FA803A27020B9C007D3115 /* MyCell.swift in Sources */ = {isa = PBXBuildFile; fileRef = C4FA803927020B9C007D3115 /* MyCell.swift */; };
		C4FA803D27021838007D3115 /* Image + ext.swift in Sources */ = {isa = PBXBuildFile; fileRef = C4FA803C27021838007D3115 /* Image + ext.swift */; };
		C4FA808827023E86007D3115 /* String + ext.swift in Sources */ = {isa = PBXBuildFile; fileRef = C4FA808727023E86007D3115 /* String + ext.swift */; };
/* End PBXBuildFile section */

/* Begin PBXFileReference section */
		C43DCCCA270068F6008E6D2A /* HOME19.app */ = {isa = PBXFileReference; explicitFileType = wrapper.application; includeInIndex = 0; path = HOME19.app; sourceTree = BUILT_PRODUCTS_DIR; };
		C43DCCCD270068F6008E6D2A /* AppDelegate.swift */ = {isa = PBXFileReference; lastKnownFileType = sourcecode.swift; path = AppDelegate.swift; sourceTree = "<group>"; };
		C43DCCCF270068F6008E6D2A /* SceneDelegate.swift */ = {isa = PBXFileReference; lastKnownFileType = sourcecode.swift; path = SceneDelegate.swift; sourceTree = "<group>"; };
		C43DCCD1270068F6008E6D2A /* ViewController.swift */ = {isa = PBXFileReference; lastKnownFileType = sourcecode.swift; path = ViewController.swift; sourceTree = "<group>"; };
		C43DCCD6270068F8008E6D2A /* Assets.xcassets */ = {isa = PBXFileReference; lastKnownFileType = folder.assetcatalog; path = Assets.xcassets; sourceTree = "<group>"; };
		C43DCCD9270068F8008E6D2A /* Base */ = {isa = PBXFileReference; lastKnownFileType = file.storyboard; name = Base; path = Base.lproj/LaunchScreen.storyboard; sourceTree = "<group>"; };
		C43DCCDB270068F8008E6D2A /* Info.plist */ = {isa = PBXFileReference; lastKnownFileType = text.plist.xml; path = Info.plist; sourceTree = "<group>"; };
		C43DCCE827006BBD008E6D2A /* Main.storyboard */ = {isa = PBXFileReference; lastKnownFileType = file.storyboard; path = Main.storyboard; sourceTree = "<group>"; };
		C43DCCE927006BBD008E6D2A /* OnePresenter.swift */ = {isa = PBXFileReference; lastKnownFileType = sourcecode.swift; path = OnePresenter.swift; sourceTree = "<group>"; };
		C43DCCEA27006BBD008E6D2A /* OneViewController.swift */ = {isa = PBXFileReference; lastKnownFileType = sourcecode.swift; path = OneViewController.swift; sourceTree = "<group>"; };
		C43DCCEF27006D03008E6D2A /* Two.storyboard */ = {isa = PBXFileReference; lastKnownFileType = file.storyboard; path = Two.storyboard; sourceTree = "<group>"; };
		C43DCCF027006D03008E6D2A /* TwoPresenter.swift */ = {isa = PBXFileReference; lastKnownFileType = sourcecode.swift; path = TwoPresenter.swift; sourceTree = "<group>"; };
		C43DCCF127006D03008E6D2A /* TwoViewController.swift */ = {isa = PBXFileReference; lastKnownFileType = sourcecode.swift; path = TwoViewController.swift; sourceTree = "<group>"; };
		C43DCCF527006D2A008E6D2A /* Constants.swift */ = {isa = PBXFileReference; lastKnownFileType = sourcecode.swift; path = Constants.swift; sourceTree = "<group>"; };
		C4FA803627020B7C007D3115 /* MyCell.xib */ = {isa = PBXFileReference; lastKnownFileType = file.xib; path = MyCell.xib; sourceTree = "<group>"; };
		C4FA803927020B9C007D3115 /* MyCell.swift */ = {isa = PBXFileReference; lastKnownFileType = sourcecode.swift; path = MyCell.swift; sourceTree = "<group>"; };
		C4FA803C27021838007D3115 /* Image + ext.swift */ = {isa = PBXFileReference; lastKnownFileType = sourcecode.swift; path = "Image + ext.swift"; sourceTree = "<group>"; };
		C4FA808727023E86007D3115 /* String + ext.swift */ = {isa = PBXFileReference; lastKnownFileType = sourcecode.swift; path = "String + ext.swift"; sourceTree = "<group>"; };
/* End PBXFileReference section */

/* Begin PBXFrameworksBuildPhase section */
		C43DCCC7270068F6008E6D2A /* Frameworks */ = {
			isa = PBXFrameworksBuildPhase;
			buildActionMask = 2147483647;
			files = (
			);
			runOnlyForDeploymentPostprocessing = 0;
		};
/* End PBXFrameworksBuildPhase section */

/* Begin PBXGroup section */
		C43DCCC1270068F5008E6D2A = {
			isa = PBXGroup;
			children = (
				C43DCCCC270068F6008E6D2A /* HOME19 */,
				C43DCCCB270068F6008E6D2A /* Products */,
			);
			sourceTree = "<group>";
		};
		C43DCCCB270068F6008E6D2A /* Products */ = {
			isa = PBXGroup;
			children = (
				C43DCCCA270068F6008E6D2A /* HOME19.app */,
			);
			name = Products;
			sourceTree = "<group>";
		};
		C43DCCCC270068F6008E6D2A /* HOME19 */ = {
			isa = PBXGroup;
			children = (
				C43DCCCD270068F6008E6D2A /* AppDelegate.swift */,
				C43DCCCF270068F6008E6D2A /* SceneDelegate.swift */,
				C43DCCF527006D2A008E6D2A /* Constants.swift */,
				C43DCCE127006943008E6D2A /* oneGroup */,
				C43DCCEE27006CD4008E6D2A /* twoGroup */,
				C43DCCD6270068F8008E6D2A /* Assets.xcassets */,
				C43DCCD8270068F8008E6D2A /* LaunchScreen.storyboard */,
				C43DCCDB270068F8008E6D2A /* Info.plist */,
				C43DCCD1270068F6008E6D2A /* ViewController.swift */,
				C4FA803B27021794007D3115 /* Extension */,
			);
			path = HOME19;
			sourceTree = "<group>";
		};
		C43DCCE127006943008E6D2A /* oneGroup */ = {
			isa = PBXGroup;
			children = (
				C43DCCE827006BBD008E6D2A /* Main.storyboard */,
				C43DCCE927006BBD008E6D2A /* OnePresenter.swift */,
				C43DCCEA27006BBD008E6D2A /* OneViewController.swift */,
			);
			path = oneGroup;
			sourceTree = "<group>";
		};
		C43DCCEE27006CD4008E6D2A /* twoGroup */ = {
			isa = PBXGroup;
			children = (
				C43DCCEF27006D03008E6D2A /* Two.storyboard */,
				C43DCCF027006D03008E6D2A /* TwoPresenter.swift */,
				C43DCCF127006D03008E6D2A /* TwoViewController.swift */,
				C4FA803827020B86007D3115 /* New Group */,
			);
			path = twoGroup;
			sourceTree = "<group>";
		};
		C4FA803827020B86007D3115 /* New Group */ = {
			isa = PBXGroup;
			children = (
				C4FA803627020B7C007D3115 /* MyCell.xib */,
				C4FA803927020B9C007D3115 /* MyCell.swift */,
			);
			name = "New Group";
			sourceTree = "<group>";
		};
		C4FA803B27021794007D3115 /* Extension */ = {
			isa = PBXGroup;
			children = (
				C4FA803C27021838007D3115 /* Image + ext.swift */,
				C4FA808727023E86007D3115 /* String + ext.swift */,
			);
			name = Extension;
			path = twoGroup;
			sourceTree = "<group>";
		};
/* End PBXGroup section */

/* Begin PBXNativeTarget section */
		C43DCCC9270068F6008E6D2A /* HOME19 */ = {
			isa = PBXNativeTarget;
			buildConfigurationList = C43DCCDE270068F8008E6D2A /* Build configuration list for PBXNativeTarget "HOME19" */;
			buildPhases = (
				C43DCCC6270068F6008E6D2A /* Sources */,
				C43DCCC7270068F6008E6D2A /* Frameworks */,
				C43DCCC8270068F6008E6D2A /* Resources */,
			);
			buildRules = (
			);
			dependencies = (
			);
			name = HOME19;
			productName = HOME19;
			productReference = C43DCCCA270068F6008E6D2A /* HOME19.app */;
			productType = "com.apple.product-type.application";
		};
/* End PBXNativeTarget section */

/* Begin PBXProject section */
		C43DCCC2270068F5008E6D2A /* Project object */ = {
			isa = PBXProject;
			attributes = {
				BuildIndependentTargetsInParallel = 1;
				LastSwiftUpdateCheck = 1300;
				LastUpgradeCheck = 1300;
				TargetAttributes = {
					C43DCCC9270068F6008E6D2A = {
						CreatedOnToolsVersion = 13.0;
					};
				};
			};
			buildConfigurationList = C43DCCC5270068F5008E6D2A /* Build configuration list for PBXProject "HOME19" */;
			compatibilityVersion = "Xcode 13.0";
			developmentRegion = en;
			hasScannedForEncodings = 0;
			knownRegions = (
				en,
				Base,
			);
			mainGroup = C43DCCC1270068F5008E6D2A;
			productRefGroup = C43DCCCB270068F6008E6D2A /* Products */;
			projectDirPath = "";
			projectRoot = "";
			targets = (
				C43DCCC9270068F6008E6D2A /* HOME19 */,
			);
		};
/* End PBXProject section */

/* Begin PBXResourcesBuildPhase section */
		C43DCCC8270068F6008E6D2A /* Resources */ = {
			isa = PBXResourcesBuildPhase;
			buildActionMask = 2147483647;
			files = (
				C43DCCDA270068F8008E6D2A /* LaunchScreen.storyboard in Resources */,
				C4FA803727020B7C007D3115 /* MyCell.xib in Resources */,
				C43DCCD7270068F8008E6D2A /* Assets.xcassets in Resources */,
				C43DCCF227006D03008E6D2A /* Two.storyboard in Resources */,
				C43DCCEB27006BBD008E6D2A /* Main.storyboard in Resources */,
			);
			runOnlyForDeploymentPostprocessing = 0;
		};
/* End PBXResourcesBuildPhase section */

/* Begin PBXSourcesBuildPhase section */
		C43DCCC6270068F6008E6D2A /* Sources */ = {
			isa = PBXSourcesBuildPhase;
			buildActionMask = 2147483647;
			files = (
				C43DCCD2270068F6008E6D2A /* ViewController.swift in Sources */,
				C43DCCED27006BBD008E6D2A /* OneViewController.swift in Sources */,
				C43DCCCE270068F6008E6D2A /* AppDelegate.swift in Sources */,
				C4FA803A27020B9C007D3115 /* MyCell.swift in Sources */,
				C43DCCF327006D03008E6D2A /* TwoPresenter.swift in Sources */,
				C43DCCF427006D03008E6D2A /* TwoViewController.swift in Sources */,
				C4FA808827023E86007D3115 /* String + ext.swift in Sources */,
				C43DCCD0270068F6008E6D2A /* SceneDelegate.swift in Sources */,
				C43DCCEC27006BBD008E6D2A /* OnePresenter.swift in Sources */,
				C43DCCF627006D2A008E6D2A /* Constants.swift in Sources */,
				C4FA803D27021838007D3115 /* Image + ext.swift in Sources */,
			);
			runOnlyForDeploymentPostprocessing = 0;
		};
/* End PBXSourcesBuildPhase section */

/* Begin PBXVariantGroup section */
		C43DCCD8270068F8008E6D2A /* LaunchScreen.storyboard */ = {
			isa = PBXVariantGroup;
			children = (
				C43DCCD9270068F8008E6D2A /* Base */,
			);
			name = LaunchScreen.storyboard;
			sourceTree = "<group>";
		};
/* End PBXVariantGroup section */

/* Begin XCBuildConfiguration section */
		C43DCCDC270068F8008E6D2A /* Debug */ = {
			isa = XCBuildConfiguration;
			buildSettings = {
				ALWAYS_SEARCH_USER_PATHS = NO;
				CLANG_ANALYZER_NONNULL = YES;
				CLANG_ANALYZER_NUMBER_OBJECT_CONVERSION = YES_AGGRESSIVE;
				CLANG_CXX_LANGUAGE_STANDARD = "gnu++17";
				CLANG_CXX_LIBRARY = "libc++";
				CLANG_ENABLE_MODULES = YES;
				CLANG_ENABLE_OBJC_ARC = YES;
				CLANG_ENABLE_OBJC_WEAK = YES;
				CLANG_WARN_BLOCK_CAPTURE_AUTORELEASING = YES;
				CLANG_WARN_BOOL_CONVERSION = YES;
				CLANG_WARN_COMMA = YES;
				CLANG_WARN_CONSTANT_CONVERSION = YES;
				CLANG_WARN_DEPRECATED_OBJC_IMPLEMENTATIONS = YES;
				CLANG_WARN_DIRECT_OBJC_ISA_USAGE = YES_ERROR;
				CLANG_WARN_DOCUMENTATION_COMMENTS = YES;
				CLANG_WARN_EMPTY_BODY = YES;
				CLANG_WARN_ENUM_CONVERSION = YES;
				CLANG_WARN_INFINITE_RECURSION = YES;
				CLANG_WARN_INT_CONVERSION = YES;
				CLANG_WARN_NON_LITERAL_NULL_CONVERSION = YES;
				CLANG_WARN_OBJC_IMPLICIT_RETAIN_SELF = YES;
				CLANG_WARN_OBJC_LITERAL_CONVERSION = YES;
				CLANG_WARN_OBJC_ROOT_CLASS = YES_ERROR;
				CLANG_WARN_QUOTED_INCLUDE_IN_FRAMEWORK_HEADER = YES;
				CLANG_WARN_RANGE_LOOP_ANALYSIS = YES;
				CLANG_WARN_STRICT_PROTOTYPES = YES;
				CLANG_WARN_SUSPICIOUS_MOVE = YES;
				CLANG_WARN_UNGUARDED_AVAILABILITY = YES_AGGRESSIVE;
				CLANG_WARN_UNREACHABLE_CODE = YES;
				CLANG_WARN__DUPLICATE_METHOD_MATCH = YES;
				COPY_PHASE_STRIP = NO;
				DEBUG_INFORMATION_FORMAT = dwarf;
				ENABLE_STRICT_OBJC_MSGSEND = YES;
				ENABLE_TESTABILITY = YES;
				GCC_C_LANGUAGE_STANDARD = gnu11;
				GCC_DYNAMIC_NO_PIC = NO;
				GCC_NO_COMMON_BLOCKS = YES;
				GCC_OPTIMIZATION_LEVEL = 0;
				GCC_PREPROCESSOR_DEFINITIONS = (
					"DEBUG=1",
					"$(inherited)",
				);
				GCC_WARN_64_TO_32_BIT_CONVERSION = YES;
				GCC_WARN_ABOUT_RETURN_TYPE = YES_ERROR;
				GCC_WARN_UNDECLARED_SELECTOR = YES;
				GCC_WARN_UNINITIALIZED_AUTOS = YES_AGGRESSIVE;
				GCC_WARN_UNUSED_FUNCTION = YES;
				GCC_WARN_UNUSED_VARIABLE = YES;
				IPHONEOS_DEPLOYMENT_TARGET = 15.0;
				MTL_ENABLE_DEBUG_INFO = INCLUDE_SOURCE;
				MTL_FAST_MATH = YES;
				ONLY_ACTIVE_ARCH = YES;
				SDKROOT = iphoneos;
				SWIFT_ACTIVE_COMPILATION_CONDITIONS = DEBUG;
				SWIFT_OPTIMIZATION_LEVEL = "-Onone";
			};
			name = Debug;
		};
		C43DCCDD270068F8008E6D2A /* Release */ = {
			isa = XCBuildConfiguration;
			buildSettings = {
				ALWAYS_SEARCH_USER_PATHS = NO;
				CLANG_ANALYZER_NONNULL = YES;
				CLANG_ANALYZER_NUMBER_OBJECT_CONVERSION = YES_AGGRESSIVE;
				CLANG_CXX_LANGUAGE_STANDARD = "gnu++17";
				CLANG_CXX_LIBRARY = "libc++";
				CLANG_ENABLE_MODULES = YES;
				CLANG_ENABLE_OBJC_ARC = YES;
				CLANG_ENABLE_OBJC_WEAK = YES;
				CLANG_WARN_BLOCK_CAPTURE_AUTORELEASING = YES;
				CLANG_WARN_BOOL_CONVERSION = YES;
				CLANG_WARN_COMMA = YES;
				CLANG_WARN_CONSTANT_CONVERSION = YES;
				CLANG_WARN_DEPRECATED_OBJC_IMPLEMENTATIONS = YES;
				CLANG_WARN_DIRECT_OBJC_ISA_USAGE = YES_ERROR;
				CLANG_WARN_DOCUMENTATION_COMMENTS = YES;
				CLANG_WARN_EMPTY_BODY = YES;
				CLANG_WARN_ENUM_CONVERSION = YES;
				CLANG_WARN_INFINITE_RECURSION = YES;
				CLANG_WARN_INT_CONVERSION = YES;
				CLANG_WARN_NON_LITERAL_NULL_CONVERSION = YES;
				CLANG_WARN_OBJC_IMPLICIT_RETAIN_SELF = YES;
				CLANG_WARN_OBJC_LITERAL_CONVERSION = YES;
				CLANG_WARN_OBJC_ROOT_CLASS = YES_ERROR;
				CLANG_WARN_QUOTED_INCLUDE_IN_FRAMEWORK_HEADER = YES;
				CLANG_WARN_RANGE_LOOP_ANALYSIS = YES;
				CLANG_WARN_STRICT_PROTOTYPES = YES;
				CLANG_WARN_SUSPICIOUS_MOVE = YES;
				CLANG_WARN_UNGUARDED_AVAILABILITY = YES_AGGRESSIVE;
				CLANG_WARN_UNREACHABLE_CODE = YES;
				CLANG_WARN__DUPLICATE_METHOD_MATCH = YES;
				COPY_PHASE_STRIP = NO;
				DEBUG_INFORMATION_FORMAT = "dwarf-with-dsym";
				ENABLE_NS_ASSERTIONS = NO;
				ENABLE_STRICT_OBJC_MSGSEND = YES;
				GCC_C_LANGUAGE_STANDARD = gnu11;
				GCC_NO_COMMON_BLOCKS = YES;
				GCC_WARN_64_TO_32_BIT_CONVERSION = YES;
				GCC_WARN_ABOUT_RETURN_TYPE = YES_ERROR;
				GCC_WARN_UNDECLARED_SELECTOR = YES;
				GCC_WARN_UNINITIALIZED_AUTOS = YES_AGGRESSIVE;
				GCC_WARN_UNUSED_FUNCTION = YES;
				GCC_WARN_UNUSED_VARIABLE = YES;
				IPHONEOS_DEPLOYMENT_TARGET = 15.0;
				MTL_ENABLE_DEBUG_INFO = NO;
				MTL_FAST_MATH = YES;
				SDKROOT = iphoneos;
				SWIFT_COMPILATION_MODE = wholemodule;
				SWIFT_OPTIMIZATION_LEVEL = "-O";
				VALIDATE_PRODUCT = YES;
			};
			name = Release;
		};
		C43DCCDF270068F8008E6D2A /* Debug */ = {
			isa = XCBuildConfiguration;
			buildSettings = {
				ASSETCATALOG_COMPILER_APPICON_NAME = AppIcon;
				ASSETCATALOG_COMPILER_GLOBAL_ACCENT_COLOR_NAME = AccentColor;
				CODE_SIGN_STYLE = Automatic;
				CURRENT_PROJECT_VERSION = 1;
				GENERATE_INFOPLIST_FILE = YES;
				INFOPLIST_FILE = HOME19/Info.plist;
				INFOPLIST_KEY_UIApplicationSupportsIndirectInputEvents = YES;
				INFOPLIST_KEY_UILaunchStoryboardName = LaunchScreen;
				INFOPLIST_KEY_UIMainStoryboardFile = Main;
				INFOPLIST_KEY_UISupportedInterfaceOrientations_iPad = "UIInterfaceOrientationPortrait UIInterfaceOrientationPortraitUpsideDown UIInterfaceOrientationLandscapeLeft UIInterfaceOrientationLandscapeRight";
				INFOPLIST_KEY_UISupportedInterfaceOrientations_iPhone = "UIInterfaceOrientationPortrait UIInterfaceOrientationLandscapeLeft UIInterfaceOrientationLandscapeRight";
				LD_RUNPATH_SEARCH_PATHS = (
					"$(inherited)",
					"@executable_path/Frameworks",
				);
				MARKETING_VERSION = 1.0;
				PRODUCT_BUNDLE_IDENTIFIER = test.HOME19;
				PRODUCT_NAME = "$(TARGET_NAME)";
				SWIFT_EMIT_LOC_STRINGS = YES;
				SWIFT_VERSION = 5.0;
				TARGETED_DEVICE_FAMILY = "1,2";
			};
			name = Debug;
		};
		C43DCCE0270068F8008E6D2A /* Release */ = {
			isa = XCBuildConfiguration;
			buildSettings = {
				ASSETCATALOG_COMPILER_APPICON_NAME = AppIcon;
				ASSETCATALOG_COMPILER_GLOBAL_ACCENT_COLOR_NAME = AccentColor;
				CODE_SIGN_STYLE = Automatic;
				CURRENT_PROJECT_VERSION = 1;
				GENERATE_INFOPLIST_FILE = YES;
				INFOPLIST_FILE = HOME19/Info.plist;
				INFOPLIST_KEY_UIApplicationSupportsIndirectInputEvents = YES;
				INFOPLIST_KEY_UILaunchStoryboardName = LaunchScreen;
				INFOPLIST_KEY_UIMainStoryboardFile = Main;
				INFOPLIST_KEY_UISupportedInterfaceOrientations_iPad = "UIInterfaceOrientationPortrait UIInterfaceOrientationPortraitUpsideDown UIInterfaceOrientationLandscapeLeft UIInterfaceOrientationLandscapeRight";
				INFOPLIST_KEY_UISupportedInterfaceOrientations_iPhone = "UIInterfaceOrientationPortrait UIInterfaceOrientationLandscapeLeft UIInterfaceOrientationLandscapeRight";
				LD_RUNPATH_SEARCH_PATHS = (
					"$(inherited)",
					"@executable_path/Frameworks",
				);
				MARKETING_VERSION = 1.0;
				PRODUCT_BUNDLE_IDENTIFIER = test.HOME19;
				PRODUCT_NAME = "$(TARGET_NAME)";
				SWIFT_EMIT_LOC_STRINGS = YES;
				SWIFT_VERSION = 5.0;
				TARGETED_DEVICE_FAMILY = "1,2";
			};
			name = Release;
		};
/* End XCBuildConfiguration section */

/* Begin XCConfigurationList section */
		C43DCCC5270068F5008E6D2A /* Build configuration list for PBXProject "HOME19" */ = {
			isa = XCConfigurationList;
			buildConfigurations = (
				C43DCCDC270068F8008E6D2A /* Debug */,
				C43DCCDD270068F8008E6D2A /* Release */,
			);
			defaultConfigurationIsVisible = 0;
			defaultConfigurationName = Release;
		};
		C43DCCDE270068F8008E6D2A /* Build configuration list for PBXNativeTarget "HOME19" */ = {
			isa = XCConfigurationList;
			buildConfigurations = (
				C43DCCDF270068F8008E6D2A /* Debug */,
				C43DCCE0270068F8008E6D2A /* Release */,
			);
			defaultConfigurationIsVisible = 0;
			defaultConfigurationName = Release;
		};
/* End XCConfigurationList section */
	};
	rootObject = C43DCCC2270068F5008E6D2A /* Project object */;
}
